// !$*UTF8*$!
{
	archiveVersion = 1;
	classes = {
	};
	objectVersion = 46;
	objects = {

/* Begin PBXBuildFile section */
		84D2DE151A10EAFA00810C1B /* main.m in Sources */ = {isa = PBXBuildFile; fileRef = 84D2DE141A10EAFA00810C1B /* main.m */; };
		84D2DE181A10EAFA00810C1B /* AppDelegate.m in Sources */ = {isa = PBXBuildFile; fileRef = 84D2DE171A10EAFA00810C1B /* AppDelegate.m */; };
		84D2DE1B1A10EAFA00810C1B /* MasterViewController.m in Sources */ = {isa = PBXBuildFile; fileRef = 84D2DE1A1A10EAFA00810C1B /* MasterViewController.m */; };
		84D2DE1E1A10EAFA00810C1B /* DetailViewController.m in Sources */ = {isa = PBXBuildFile; fileRef = 84D2DE1D1A10EAFA00810C1B /* DetailViewController.m */; };
		84D2DE211A10EAFA00810C1B /* Main.storyboard in Resources */ = {isa = PBXBuildFile; fileRef = 84D2DE1F1A10EAFA00810C1B /* Main.storyboard */; };
		84D2DE231A10EAFA00810C1B /* Images.xcassets in Resources */ = {isa = PBXBuildFile; fileRef = 84D2DE221A10EAFA00810C1B /* Images.xcassets */; };
		84D2DE261A10EAFA00810C1B /* LaunchScreen.xib in Resources */ = {isa = PBXBuildFile; fileRef = 84D2DE241A10EAFA00810C1B /* LaunchScreen.xib */; };
		84D2DE321A10EAFB00810C1B /* RACDemoTests.m in Sources */ = {isa = PBXBuildFile; fileRef = 84D2DE311A10EAFB00810C1B /* RACDemoTests.m */; };
		84D2DE3C1A10EEBB00810C1B /* MapKit.framework in Frameworks */ = {isa = PBXBuildFile; fileRef = 84D2DE3B1A10EEBB00810C1B /* MapKit.framework */; };
		84D2DE3F1A11031100810C1B /* GeoSearchViewController.m in Sources */ = {isa = PBXBuildFile; fileRef = 84D2DE3E1A11031100810C1B /* GeoSearchViewController.m */; };
/* End PBXBuildFile section */

/* Begin PBXContainerItemProxy section */
		84D2DE2C1A10EAFB00810C1B /* PBXContainerItemProxy */ = {
			isa = PBXContainerItemProxy;
			containerPortal = 84D2DE071A10EAFA00810C1B /* Project object */;
			proxyType = 1;
			remoteGlobalIDString = 84D2DE0E1A10EAFA00810C1B;
			remoteInfo = RACDemo;
		};
/* End PBXContainerItemProxy section */

/* Begin PBXFileReference section */
		84D2DE0F1A10EAFA00810C1B /* RACDemo.app */ = {isa = PBXFileReference; explicitFileType = wrapper.application; includeInIndex = 0; path = RACDemo.app; sourceTree = BUILT_PRODUCTS_DIR; };
		84D2DE131A10EAFA00810C1B /* Info.plist */ = {isa = PBXFileReference; lastKnownFileType = text.plist.xml; path = Info.plist; sourceTree = "<group>"; };
		84D2DE141A10EAFA00810C1B /* main.m */ = {isa = PBXFileReference; lastKnownFileType = sourcecode.c.objc; path = main.m; sourceTree = "<group>"; };
		84D2DE161A10EAFA00810C1B /* AppDelegate.h */ = {isa = PBXFileReference; lastKnownFileType = sourcecode.c.h; path = AppDelegate.h; sourceTree = "<group>"; };
		84D2DE171A10EAFA00810C1B /* AppDelegate.m */ = {isa = PBXFileReference; lastKnownFileType = sourcecode.c.objc; path = AppDelegate.m; sourceTree = "<group>"; };
		84D2DE191A10EAFA00810C1B /* MasterViewController.h */ = {isa = PBXFileReference; lastKnownFileType = sourcecode.c.h; path = MasterViewController.h; sourceTree = "<group>"; };
		84D2DE1A1A10EAFA00810C1B /* MasterViewController.m */ = {isa = PBXFileReference; lastKnownFileType = sourcecode.c.objc; path = MasterViewController.m; sourceTree = "<group>"; };
		84D2DE1C1A10EAFA00810C1B /* DetailViewController.h */ = {isa = PBXFileReference; lastKnownFileType = sourcecode.c.h; path = DetailViewController.h; sourceTree = "<group>"; };
		84D2DE1D1A10EAFA00810C1B /* DetailViewController.m */ = {isa = PBXFileReference; lastKnownFileType = sourcecode.c.objc; path = DetailViewController.m; sourceTree = "<group>"; };
		84D2DE201A10EAFA00810C1B /* Base */ = {isa = PBXFileReference; lastKnownFileType = file.storyboard; name = Base; path = Base.lproj/Main.storyboard; sourceTree = "<group>"; };
		84D2DE221A10EAFA00810C1B /* Images.xcassets */ = {isa = PBXFileReference; lastKnownFileType = folder.assetcatalog; path = Images.xcassets; sourceTree = "<group>"; };
		84D2DE251A10EAFA00810C1B /* Base */ = {isa = PBXFileReference; lastKnownFileType = file.xib; name = Base; path = Base.lproj/LaunchScreen.xib; sourceTree = "<group>"; };
		84D2DE2B1A10EAFB00810C1B /* RACDemoTests.xctest */ = {isa = PBXFileReference; explicitFileType = wrapper.cfbundle; includeInIndex = 0; path = RACDemoTests.xctest; sourceTree = BUILT_PRODUCTS_DIR; };
		84D2DE301A10EAFB00810C1B /* Info.plist */ = {isa = PBXFileReference; lastKnownFileType = text.plist.xml; path = Info.plist; sourceTree = "<group>"; };
		84D2DE311A10EAFB00810C1B /* RACDemoTests.m */ = {isa = PBXFileReference; lastKnownFileType = sourcecode.c.objc; path = RACDemoTests.m; sourceTree = "<group>"; };
		84D2DE3B1A10EEBB00810C1B /* MapKit.framework */ = {isa = PBXFileReference; lastKnownFileType = wrapper.framework; name = MapKit.framework; path = System/Library/Frameworks/MapKit.framework; sourceTree = SDKROOT; };
		84D2DE3D1A11031100810C1B /* GeoSearchViewController.h */ = {isa = PBXFileReference; fileEncoding = 4; lastKnownFileType = sourcecode.c.h; path = GeoSearchViewController.h; sourceTree = "<group>"; };
		84D2DE3E1A11031100810C1B /* GeoSearchViewController.m */ = {isa = PBXFileReference; fileEncoding = 4; lastKnownFileType = sourcecode.c.objc; path = GeoSearchViewController.m; sourceTree = "<group>"; };
/* End PBXFileReference section */

/* Begin PBXFrameworksBuildPhase section */
		84D2DE0C1A10EAFA00810C1B /* Frameworks */ = {
			isa = PBXFrameworksBuildPhase;
			buildActionMask = 2147483647;
			files = (
				84D2DE3C1A10EEBB00810C1B /* MapKit.framework in Frameworks */,
			);
			runOnlyForDeploymentPostprocessing = 0;
		};
		84D2DE281A10EAFB00810C1B /* Frameworks */ = {
			isa = PBXFrameworksBuildPhase;
			buildActionMask = 2147483647;
			files = (
			);
			runOnlyForDeploymentPostprocessing = 0;
		};
/* End PBXFrameworksBuildPhase section */

/* Begin PBXGroup section */
		84D2DE061A10EAFA00810C1B = {
			isa = PBXGroup;
			children = (
				84D2DE3B1A10EEBB00810C1B /* MapKit.framework */,
				84D2DE111A10EAFA00810C1B /* RACDemo */,
				84D2DE2E1A10EAFB00810C1B /* RACDemoTests */,
				84D2DE101A10EAFA00810C1B /* Products */,
			);
			sourceTree = "<group>";
		};
		84D2DE101A10EAFA00810C1B /* Products */ = {
			isa = PBXGroup;
			children = (
				84D2DE0F1A10EAFA00810C1B /* RACDemo.app */,
				84D2DE2B1A10EAFB00810C1B /* RACDemoTests.xctest */,
			);
			name = Products;
			sourceTree = "<group>";
		};
		84D2DE111A10EAFA00810C1B /* RACDemo */ = {
			isa = PBXGroup;
			children = (
				84D2DE161A10EAFA00810C1B /* AppDelegate.h */,
				84D2DE171A10EAFA00810C1B /* AppDelegate.m */,
				84D2DE191A10EAFA00810C1B /* MasterViewController.h */,
				84D2DE1A1A10EAFA00810C1B /* MasterViewController.m */,
				84D2DE1C1A10EAFA00810C1B /* DetailViewController.h */,
				84D2DE1D1A10EAFA00810C1B /* DetailViewController.m */,
				84D2DE1F1A10EAFA00810C1B /* Main.storyboard */,
				84D2DE221A10EAFA00810C1B /* Images.xcassets */,
				84D2DE241A10EAFA00810C1B /* LaunchScreen.xib */,
				84D2DE121A10EAFA00810C1B /* Supporting Files */,
				84D2DE3D1A11031100810C1B /* GeoSearchViewController.h */,
				84D2DE3E1A11031100810C1B /* GeoSearchViewController.m */,
			);
			path = RACDemo;
			sourceTree = "<group>";
		};
		84D2DE121A10EAFA00810C1B /* Supporting Files */ = {
			isa = PBXGroup;
			children = (
				84D2DE131A10EAFA00810C1B /* Info.plist */,
				84D2DE141A10EAFA00810C1B /* main.m */,
			);
			name = "Supporting Files";
			sourceTree = "<group>";
		};
		84D2DE2E1A10EAFB00810C1B /* RACDemoTests */ = {
			isa = PBXGroup;
			children = (
				84D2DE311A10EAFB00810C1B /* RACDemoTests.m */,
				84D2DE2F1A10EAFB00810C1B /* Supporting Files */,
			);
			path = RACDemoTests;
			sourceTree = "<group>";
		};
		84D2DE2F1A10EAFB00810C1B /* Supporting Files */ = {
			isa = PBXGroup;
			children = (
				84D2DE301A10EAFB00810C1B /* Info.plist */,
			);
			name = "Supporting Files";
			sourceTree = "<group>";
		};
/* End PBXGroup section */

/* Begin PBXNativeTarget section */
		84D2DE0E1A10EAFA00810C1B /* RACDemo */ = {
			isa = PBXNativeTarget;
			buildConfigurationList = 84D2DE351A10EAFB00810C1B /* Build configuration list for PBXNativeTarget "RACDemo" */;
			buildPhases = (
				84D2DE0B1A10EAFA00810C1B /* Sources */,
				84D2DE0C1A10EAFA00810C1B /* Frameworks */,
				84D2DE0D1A10EAFA00810C1B /* Resources */,
			);
			buildRules = (
			);
			dependencies = (
			);
			name = RACDemo;
			productName = RACDemo;
			productReference = 84D2DE0F1A10EAFA00810C1B /* RACDemo.app */;
			productType = "com.apple.product-type.application";
		};
		84D2DE2A1A10EAFB00810C1B /* RACDemoTests */ = {
			isa = PBXNativeTarget;
			buildConfigurationList = 84D2DE381A10EAFB00810C1B /* Build configuration list for PBXNativeTarget "RACDemoTests" */;
			buildPhases = (
				84D2DE271A10EAFB00810C1B /* Sources */,
				84D2DE281A10EAFB00810C1B /* Frameworks */,
				84D2DE291A10EAFB00810C1B /* Resources */,
			);
			buildRules = (
			);
			dependencies = (
				84D2DE2D1A10EAFB00810C1B /* PBXTargetDependency */,
			);
			name = RACDemoTests;
			productName = RACDemoTests;
			productReference = 84D2DE2B1A10EAFB00810C1B /* RACDemoTests.xctest */;
			productType = "com.apple.product-type.bundle.unit-test";
		};
/* End PBXNativeTarget section */

/* Begin PBXProject section */
		84D2DE071A10EAFA00810C1B /* Project object */ = {
			isa = PBXProject;
			attributes = {
				LastUpgradeCheck = 0610;
				ORGANIZATIONNAME = simbirsoft.com;
				TargetAttributes = {
					84D2DE0E1A10EAFA00810C1B = {
						CreatedOnToolsVersion = 6.1;
					};
					84D2DE2A1A10EAFB00810C1B = {
						CreatedOnToolsVersion = 6.1;
						TestTargetID = 84D2DE0E1A10EAFA00810C1B;
					};
				};
			};
			buildConfigurationList = 84D2DE0A1A10EAFA00810C1B /* Build configuration list for PBXProject "RACDemo" */;
			compatibilityVersion = "Xcode 3.2";
			developmentRegion = English;
			hasScannedForEncodings = 0;
			knownRegions = (
				en,
				Base,
			);
			mainGroup = 84D2DE061A10EAFA00810C1B;
			productRefGroup = 84D2DE101A10EAFA00810C1B /* Products */;
			projectDirPath = "";
			projectRoot = "";
			targets = (
				84D2DE0E1A10EAFA00810C1B /* RACDemo */,
				84D2DE2A1A10EAFB00810C1B /* RACDemoTests */,
			);
		};
/* End PBXProject section */

/* Begin PBXResourcesBuildPhase section */
		84D2DE0D1A10EAFA00810C1B /* Resources */ = {
			isa = PBXResourcesBuildPhase;
			buildActionMask = 2147483647;
			files = (
				84D2DE211A10EAFA00810C1B /* Main.storyboard in Resources */,
				84D2DE261A10EAFA00810C1B /* LaunchScreen.xib in Resources */,
				84D2DE231A10EAFA00810C1B /* Images.xcassets in Resources */,
			);
			runOnlyForDeploymentPostprocessing = 0;
		};
		84D2DE291A10EAFB00810C1B /* Resources */ = {
			isa = PBXResourcesBuildPhase;
			buildActionMask = 2147483647;
			files = (
			);
			runOnlyForDeploymentPostprocessing = 0;
		};
/* End PBXResourcesBuildPhase section */

/* Begin PBXSourcesBuildPhase section */
		84D2DE0B1A10EAFA00810C1B /* Sources */ = {
			isa = PBXSourcesBuildPhase;
			buildActionMask = 2147483647;
			files = (
				84D2DE181A10EAFA00810C1B /* AppDelegate.m in Sources */,
				84D2DE1B1A10EAFA00810C1B /* MasterViewController.m in Sources */,
				84D2DE151A10EAFA00810C1B /* main.m in Sources */,
				84D2DE1E1A10EAFA00810C1B /* DetailViewController.m in Sources */,
				84D2DE3F1A11031100810C1B /* GeoSearchViewController.m in Sources */,
			);
			runOnlyForDeploymentPostprocessing = 0;
		};
		84D2DE271A10EAFB00810C1B /* Sources */ = {
			isa = PBXSourcesBuildPhase;
			buildActionMask = 2147483647;
			files = (
				84D2DE321A10EAFB00810C1B /* RACDemoTests.m in Sources */,
			);
			runOnlyForDeploymentPostprocessing = 0;
		};
/* End PBXSourcesBuildPhase section */

/* Begin PBXTargetDependency section */
		84D2DE2D1A10EAFB00810C1B /* PBXTargetDependency */ = {
			isa = PBXTargetDependency;
			target = 84D2DE0E1A10EAFA00810C1B /* RACDemo */;
			targetProxy = 84D2DE2C1A10EAFB00810C1B /* PBXContainerItemProxy */;
		};
/* End PBXTargetDependency section */

/* Begin PBXVariantGroup section */
		84D2DE1F1A10EAFA00810C1B /* Main.storyboard */ = {
			isa = PBXVariantGroup;
			children = (
				84D2DE201A10EAFA00810C1B /* Base */,
			);
			name = Main.storyboard;
			sourceTree = "<group>";
		};
		84D2DE241A10EAFA00810C1B /* LaunchScreen.xib */ = {
			isa = PBXVariantGroup;
			children = (
				84D2DE251A10EAFA00810C1B /* Base */,
			);
			name = LaunchScreen.xib;
			sourceTree = "<group>";
		};
/* End PBXVariantGroup section */

/* Begin XCBuildConfiguration section */
		84D2DE331A10EAFB00810C1B /* Debug */ = {
			isa = XCBuildConfiguration;
			buildSettings = {
				ALWAYS_SEARCH_USER_PATHS = NO;
				CLANG_CXX_LANGUAGE_STANDARD = "gnu++0x";
				CLANG_CXX_LIBRARY = "libc++";
				CLANG_ENABLE_MODULES = YES;
				CLANG_ENABLE_OBJC_ARC = YES;
				CLANG_WARN_BOOL_CONVERSION = YES;
				CLANG_WARN_CONSTANT_CONVERSION = YES;
				CLANG_WARN_DIRECT_OBJC_ISA_USAGE = YES_ERROR;
				CLANG_WARN_EMPTY_BODY = YES;
				CLANG_WARN_ENUM_CONVERSION = YES;
				CLANG_WARN_INT_CONVERSION = YES;
				CLANG_WARN_OBJC_ROOT_CLASS = YES_ERROR;
				CLANG_WARN_UNREACHABLE_CODE = YES;
				CLANG_WARN__DUPLICATE_METHOD_MATCH = YES;
				"CODE_SIGN_IDENTITY[sdk=iphoneos*]" = "iPhone Developer";
				COPY_PHASE_STRIP = NO;
				ENABLE_STRICT_OBJC_MSGSEND = YES;
				GCC_C_LANGUAGE_STANDARD = gnu99;
				GCC_DYNAMIC_NO_PIC = NO;
				GCC_OPTIMIZATION_LEVEL = 0;
				GCC_PREPROCESSOR_DEFINITIONS = (
					"DEBUG=1",
					"$(inherited)",
				);
				GCC_SYMBOLS_PRIVATE_EXTERN = NO;
				GCC_WARN_64_TO_32_BIT_CONVERSION = YES;
				GCC_WARN_ABOUT_RETURN_TYPE = YES_ERROR;
				GCC_WARN_UNDECLARED_SELECTOR = YES;
				GCC_WARN_UNINITIALIZED_AUTOS = YES_AGGRESSIVE;
				GCC_WARN_UNUSED_FUNCTION = YES;
				GCC_WARN_UNUSED_VARIABLE = YES;
				IPHONEOS_DEPLOYMENT_TARGET = 8.1;
				MTL_ENABLE_DEBUG_INFO = YES;
				ONLY_ACTIVE_ARCH = YES;
				SDKROOT = iphoneos;
				TARGETED_DEVICE_FAMILY = "1,2";
			};
			name = Debug;
		};
		84D2DE341A10EAFB00810C1B /* Release */ = {
			isa = XCBuildConfiguration;
			buildSettings = {
				ALWAYS_SEARCH_USER_PATHS = NO;
				CLANG_CXX_LANGUAGE_STANDARD = "gnu++0x";
				CLANG_CXX_LIBRARY = "libc++";
				CLANG_ENABLE_MODULES = YES;
				CLANG_ENABLE_OBJC_ARC = YES;
				CLANG_WARN_BOOL_CONVERSION = YES;
				CLANG_WARN_CONSTANT_CONVERSION = YES;
				CLANG_WARN_DIRECT_OBJC_ISA_USAGE = YES_ERROR;
				CLANG_WARN_EMPTY_BODY = YES;
				CLANG_WARN_ENUM_CONVERSION = YES;
				CLANG_WARN_INT_CONVERSION = YES;
				CLANG_WARN_OBJC_ROOT_CLASS = YES_ERROR;
				CLANG_WARN_UNREACHABLE_CODE = YES;
				CLANG_WARN__DUPLICATE_METHOD_MATCH = YES;
				"CODE_SIGN_IDENTITY[sdk=iphoneos*]" = "iPhone Developer";
				COPY_PHASE_STRIP = YES;
				ENABLE_NS_ASSERTIONS = NO;
				ENABLE_STRICT_OBJC_MSGSEND = YES;
				GCC_C_LANGUAGE_STANDARD = gnu99;
				GCC_WARN_64_TO_32_BIT_CONVERSION = YES;
				GCC_WARN_ABOUT_RETURN_TYPE = YES_ERROR;
				GCC_WARN_UNDECLARED_SELECTOR = YES;
				GCC_WARN_UNINITIALIZED_AUTOS = YES_AGGRESSIVE;
				GCC_WARN_UNUSED_FUNCTION = YES;
				GCC_WARN_UNUSED_VARIABLE = YES;
				IPHONEOS_DEPLOYMENT_TARGET = 8.1;
				MTL_ENABLE_DEBUG_INFO = NO;
				SDKROOT = iphoneos;
				TARGETED_DEVICE_FAMILY = "1,2";
				VALIDATE_PRODUCT = YES;
			};
			name = Release;
		};
		84D2DE361A10EAFB00810C1B /* Debug */ = {
			isa = XCBuildConfiguration;
			buildSettings = {
				ASSETCATALOG_COMPILER_APPICON_NAME = AppIcon;
				INFOPLIST_FILE = RACDemo/Info.plist;
				LD_RUNPATH_SEARCH_PATHS = "$(inherited) @executable_path/Frameworks";
				PRODUCT_NAME = "$(TARGET_NAME)";
			};
			name = Debug;
		};
		84D2DE371A10EAFB00810C1B /* Release */ = {
			isa = XCBuildConfiguration;
			buildSettings = {
				ASSETCATALOG_COMPILER_APPICON_NAME = AppIcon;
				INFOPLIST_FILE = RACDemo/Info.plist;
				LD_RUNPATH_SEARCH_PATHS = "$(inherited) @executable_path/Frameworks";
				PRODUCT_NAME = "$(TARGET_NAME)";
			};
			name = Release;
		};
		84D2DE391A10EAFB00810C1B /* Debug */ = {
			isa = XCBuildConfiguration;
			buildSettings = {
				BUNDLE_LOADER = "$(TEST_HOST)";
				FRAMEWORK_SEARCH_PATHS = (
					"$(SDKROOT)/Developer/Library/Frameworks",
					"$(inherited)",
				);
				GCC_PREPROCESSOR_DEFINITIONS = (
					"DEBUG=1",
					"$(inherited)",
				);
				INFOPLIST_FILE = RACDemoTests/Info.plist;
				LD_RUNPATH_SEARCH_PATHS = "$(inherited) @executable_path/Frameworks @loader_path/Frameworks";
				PRODUCT_NAME = "$(TARGET_NAME)";
				TEST_HOST = "$(BUILT_PRODUCTS_DIR)/RACDemo.app/RACDemo";
			};
			name = Debug;
		};
		84D2DE3A1A10EAFB00810C1B /* Release */ = {
			isa = XCBuildConfiguration;
			buildSettings = {
				BUNDLE_LOADER = "$(TEST_HOST)";
				FRAMEWORK_SEARCH_PATHS = (
					"$(SDKROOT)/Developer/Library/Frameworks",
					"$(inherited)",
				);
				INFOPLIST_FILE = RACDemoTests/Info.plist;
				LD_RUNPATH_SEARCH_PATHS = "$(inherited) @executable_path/Frameworks @loader_path/Frameworks";
				PRODUCT_NAME = "$(TARGET_NAME)";
				TEST_HOST = "$(BUILT_PRODUCTS_DIR)/RACDemo.app/RACDemo";
			};
			name = Release;
		};
/* End XCBuildConfiguration section */

/* Begin XCConfigurationList section */
		84D2DE0A1A10EAFA00810C1B /* Build configuration list for PBXProject "RACDemo" */ = {
			isa = XCConfigurationList;
			buildConfigurations = (
				84D2DE331A10EAFB00810C1B /* Debug */,
				84D2DE341A10EAFB00810C1B /* Release */,
			);
			defaultConfigurationIsVisible = 0;
			defaultConfigurationName = Release;
		};
		84D2DE351A10EAFB00810C1B /* Build configuration list for PBXNativeTarget "RACDemo" */ = {
			isa = XCConfigurationList;
			buildConfigurations = (
				84D2DE361A10EAFB00810C1B /* Debug */,
				84D2DE371A10EAFB00810C1B /* Release */,
			);
			defaultConfigurationIsVisible = 0;
		};
		84D2DE381A10EAFB00810C1B /* Build configuration list for PBXNativeTarget "RACDemoTests" */ = {
			isa = XCConfigurationList;
			buildConfigurations = (
				84D2DE391A10EAFB00810C1B /* Debug */,
				84D2DE3A1A10EAFB00810C1B /* Release */,
			);
			defaultConfigurationIsVisible = 0;
		};
/* End XCConfigurationList section */
	};
	rootObject = 84D2DE071A10EAFA00810C1B /* Project object */;
}
